# This is a Gradle generated file for dependency locking.
# Manual edits can break the build and are not advised.
# This file is expected to be part of source control.
ch.qos.logback:logback-classic:1.2.3=compileClasspath,implementationDependenciesMetadata,runtimeClasspath,testCompileClasspath,testImplementationDependenciesMetadata,testRuntimeClasspath
ch.qos.logback:logback-core:1.2.3=compileClasspath,implementationDependenciesMetadata,runtimeClasspath,testCompileClasspath,testImplementationDependenciesMetadata,testRuntimeClasspath
com.auth0:java-jwt:3.12.0=compileClasspath,implementationDependenciesMetadata,runtimeClasspath,testCompileClasspath,testImplementationDependenciesMetadata,testRuntimeClasspath
com.auth0:jwks-rsa:0.9.0=compileClasspath,runtimeClasspath,testCompileClasspath,testRuntimeClasspath
com.avast.gradle:gradle-docker-compose-plugin:0.14.0=compileClasspath,implementationDependenciesMetadata,runtimeClasspath,testCompileClasspath,testImplementationDependenciesMetadata,testRuntimeClasspath
com.beust:jcommander:1.81=detekt
com.fasterxml.jackson.core:jackson-annotations:2.12.1=compileClasspath,implementationDependenciesMetadata,runtimeClasspath,testCompileClasspath,testImplementationDependenciesMetadata,testRuntimeClasspath
com.fasterxml.jackson.core:jackson-annotations:2.12.2=detekt
com.fasterxml.jackson.core:jackson-core:2.12.1=compileClasspath,implementationDependenciesMetadata,runtimeClasspath,testCompileClasspath,testImplementationDependenciesMetadata,testRuntimeClasspath
com.fasterxml.jackson.core:jackson-core:2.12.2=detekt
com.fasterxml.jackson.core:jackson-databind:2.12.1=compileClasspath,implementationDependenciesMetadata,runtimeClasspath,testCompileClasspath,testImplementationDependenciesMetadata,testRuntimeClasspath
com.fasterxml.jackson.core:jackson-databind:2.12.2=detekt
com.fasterxml.jackson.dataformat:jackson-dataformat-yaml:2.12.1=testCompileClasspath,testImplementationDependenciesMetadata,testRuntimeClasspath
com.fasterxml.jackson.datatype:jackson-datatype-joda:2.12.1=compileClasspath,implementationDependenciesMetadata,runtimeClasspath,testCompileClasspath,testImplementationDependenciesMetadata,testRuntimeClasspath
com.fasterxml.jackson.module:jackson-module-kotlin:2.12.1=compileClasspath,implementationDependenciesMetadata,runtimeClasspath,testCompileClasspath,testImplementationDependenciesMetadata,testRuntimeClasspath
com.fasterxml.jackson:jackson-bom:2.12.1=compileClasspath,implementationDependenciesMetadata,runtimeClasspath,testCompileClasspath,testImplementationDependenciesMetadata,testRuntimeClasspath
com.fasterxml.jackson:jackson-bom:2.12.2=detekt
com.github.flecomte:postgres-json:2.1.2=compileClasspath,implementationDependenciesMetadata,runtimeClasspath,testCompileClasspath,testImplementationDependenciesMetadata,testRuntimeClasspath
com.github.jasync-sql:jasync-common:1.1.6=compileClasspath,implementationDependenciesMetadata,testCompileClasspath,testImplementationDependenciesMetadata
com.github.jasync-sql:jasync-common:1.1.7=runtimeClasspath,testRuntimeClasspath
com.github.jasync-sql:jasync-pool:1.1.6=compileClasspath,implementationDependenciesMetadata,testCompileClasspath,testImplementationDependenciesMetadata
com.github.jasync-sql:jasync-pool:1.1.7=runtimeClasspath,testRuntimeClasspath
com.github.jasync-sql:jasync-postgresql:1.1.6=compileClasspath,implementationDependenciesMetadata,testCompileClasspath,testImplementationDependenciesMetadata
com.github.jasync-sql:jasync-postgresql:1.1.7=runtimeClasspath,testRuntimeClasspath
com.github.shyiko.klob:klob:0.2.1=ktlint
com.google.code.findbugs:jsr305:3.0.2=runtimeClasspath,testRuntimeClasspath
com.google.errorprone:error_prone_annotations:2.2.0=runtimeClasspath,testRuntimeClasspath
com.google.guava:failureaccess:1.0.1=runtimeClasspath,testRuntimeClasspath
com.google.guava:guava:27.1-jre=runtimeClasspath,testRuntimeClasspath
com.google.guava:listenablefuture:9999.0-empty-to-avoid-conflict-with-guava=runtimeClasspath,testRuntimeClasspath
com.google.j2objc:j2objc-annotations:1.1=runtimeClasspath,testRuntimeClasspath
com.googlecode.json-simple:json-simple:1.1.1=compileClasspath,runtimeClasspath,testCompileClasspath,testRuntimeClasspath
com.jayway.jsonpath:json-path:2.5.0=compileClasspath,implementationDependenciesMetadata,runtimeClasspath,testCompileClasspath,testImplementationDependenciesMetadata,testRuntimeClasspath
com.nhaarman.mockitokotlin2:mockito-kotlin:2.1.0=testRuntimeClasspath
com.ongres.scram:client:2.1=compileClasspath,implementationDependenciesMetadata,runtimeClasspath,testCompileClasspath,testImplementationDependenciesMetadata,testRuntimeClasspath
com.ongres.scram:common:2.1=compileClasspath,implementationDependenciesMetadata,runtimeClasspath,testCompileClasspath,testImplementationDependenciesMetadata,testRuntimeClasspath
com.ongres.stringprep:saslprep:1.1=compileClasspath,implementationDependenciesMetadata,runtimeClasspath,testCompileClasspath,testImplementationDependenciesMetadata,testRuntimeClasspath
com.ongres.stringprep:stringprep:1.1=compileClasspath,implementationDependenciesMetadata,runtimeClasspath,testCompileClasspath,testImplementationDependenciesMetadata,testRuntimeClasspath
com.pinterest.ktlint:ktlint-core:0.40.0=ktlint
com.pinterest.ktlint:ktlint-reporter-baseline:0.40.0=ktlint
com.pinterest.ktlint:ktlint-reporter-checkstyle:0.40.0=ktlint
com.pinterest.ktlint:ktlint-reporter-html:0.40.0=ktlint
com.pinterest.ktlint:ktlint-reporter-json:0.40.0=ktlint
com.pinterest.ktlint:ktlint-reporter-plain:0.40.0=ktlint
com.pinterest.ktlint:ktlint-ruleset-experimental:0.40.0=ktlint
com.pinterest.ktlint:ktlint-ruleset-standard:0.40.0=ktlint
com.pinterest.ktlint:ktlint-ruleset-test:0.40.0=ktlint
com.pinterest:ktlint:0.40.0=ktlint
com.rabbitmq:amqp-client:5.10.0=compileClasspath,implementationDependenciesMetadata,runtimeClasspath,testCompileClasspath,testImplementationDependenciesMetadata,testRuntimeClasspath
com.sendgrid:java-http-client:4.3.6=compileClasspath,implementationDependenciesMetadata,runtimeClasspath,testCompileClasspath,testImplementationDependenciesMetadata,testRuntimeClasspath
com.sendgrid:sendgrid-java:4.7.1=compileClasspath,implementationDependenciesMetadata,runtimeClasspath,testCompileClasspath,testImplementationDependenciesMetadata,testRuntimeClasspath
com.thedeanda:lorem:2.1=testCompileClasspath,testImplementationDependenciesMetadata,testRuntimeClasspath
com.typesafe:config:1.3.1=compileClasspath,runtimeClasspath,testCompileClasspath,testRuntimeClasspath
commons-codec:commons-codec:1.11=compileClasspath,implementationDependenciesMetadata,testCompileClasspath,testImplementationDependenciesMetadata
commons-codec:commons-codec:1.14=runtimeClasspath,testRuntimeClasspath
commons-io:commons-io:2.6=runtimeClasspath,testRuntimeClasspath
commons-logging:commons-logging:1.2=compileClasspath,implementationDependenciesMetadata,runtimeClasspath,testCompileClasspath,testImplementationDependenciesMetadata,testRuntimeClasspath
info.picocli:picocli:3.9.6=ktlint
io.github.detekt.sarif4j:sarif4j:1.0.0=detekt
io.github.microutils:kotlin-logging:1.7.6=compileClasspath,implementationDependenciesMetadata,runtimeClasspath,testCompileClasspath,testImplementationDependenciesMetadata,testRuntimeClasspath
io.gitlab.arturbosch.detekt:detekt-api:1.16.0=detekt
io.gitlab.arturbosch.detekt:detekt-bom:1.16.0=detekt
io.gitlab.arturbosch.detekt:detekt-cli:1.16.0=detekt
io.gitlab.arturbosch.detekt:detekt-core:1.16.0=detekt
io.gitlab.arturbosch.detekt:detekt-metrics:1.16.0=detekt
io.gitlab.arturbosch.detekt:detekt-parser:1.16.0=detekt
io.gitlab.arturbosch.detekt:detekt-psi-utils:1.16.0=detekt
io.gitlab.arturbosch.detekt:detekt-report-html:1.16.0=detekt
io.gitlab.arturbosch.detekt:detekt-report-sarif:1.16.0=detekt
io.gitlab.arturbosch.detekt:detekt-report-txt:1.16.0=detekt
io.gitlab.arturbosch.detekt:detekt-report-xml:1.16.0=detekt
io.gitlab.arturbosch.detekt:detekt-rules-complexity:1.16.0=detekt
io.gitlab.arturbosch.detekt:detekt-rules-coroutines:1.16.0=detekt
io.gitlab.arturbosch.detekt:detekt-rules-documentation:1.16.0=detekt
io.gitlab.arturbosch.detekt:detekt-rules-empty:1.16.0=detekt
io.gitlab.arturbosch.detekt:detekt-rules-errorprone:1.16.0=detekt
io.gitlab.arturbosch.detekt:detekt-rules-exceptions:1.16.0=detekt
io.gitlab.arturbosch.detekt:detekt-rules-naming:1.16.0=detekt
io.gitlab.arturbosch.detekt:detekt-rules-performance:1.16.0=detekt
io.gitlab.arturbosch.detekt:detekt-rules-style:1.16.0=detekt
io.gitlab.arturbosch.detekt:detekt-rules:1.16.0=detekt
io.gitlab.arturbosch.detekt:detekt-tooling:1.16.0=detekt
io.konform:konform-jvm:0.2.0=compileClasspath,implementationDependenciesMetadata,runtimeClasspath,testCompileClasspath,testImplementationDependenciesMetadata,testRuntimeClasspath
io.ktor:ktor-auth-jwt-kotlinMultiplatform:1.5.0=implementationDependenciesMetadata,testImplementationDependenciesMetadata
io.ktor:ktor-auth-jwt:1.5.0=compileClasspath,implementationDependenciesMetadata,runtimeClasspath,testCompileClasspath,testImplementationDependenciesMetadata,testRuntimeClasspath
io.ktor:ktor-auth-kotlinMultiplatform:1.5.0=compileClasspath,implementationDependenciesMetadata,runtimeClasspath,testCompileClasspath,testImplementationDependenciesMetadata,testRuntimeClasspath
io.ktor:ktor-auth:1.5.0=compileClasspath,implementationDependenciesMetadata,runtimeClasspath,testCompileClasspath,testImplementationDependenciesMetadata,testRuntimeClasspath
io.ktor:ktor-client-cio-jvm:1.5.0=testCompileClasspath,testRuntimeClasspath
io.ktor:ktor-client-cio:1.5.0=testCompileClasspath,testRuntimeClasspath
io.ktor:ktor-client-core-jvm:1.5.0=compileClasspath,runtimeClasspath,testCompileClasspath,testRuntimeClasspath
io.ktor:ktor-client-core:1.5.0=compileClasspath,runtimeClasspath,testCompileClasspath,testImplementationDependenciesMetadata,testRuntimeClasspath
io.ktor:ktor-client-jetty-kotlinMultiplatform:1.5.0=implementationDependenciesMetadata,testCompileClasspath,testImplementationDependenciesMetadata,testRuntimeClasspath
io.ktor:ktor-client-jetty:1.5.0=compileClasspath,implementationDependenciesMetadata,runtimeClasspath,testCompileClasspath,testImplementationDependenciesMetadata,testRuntimeClasspath
io.ktor:ktor-client-mock-jvm:1.5.0=testCompileClasspath,testImplementationDependenciesMetadata,testRuntimeClasspath
io.ktor:ktor-client-mock:1.5.0=testCompileClasspath,testImplementationDependenciesMetadata,testRuntimeClasspath
io.ktor:ktor-http-cio-jvm:1.5.0=compileClasspath,runtimeClasspath,testCompileClasspath,testRuntimeClasspath
io.ktor:ktor-http-cio:1.5.0=compileClasspath,runtimeClasspath,testCompileClasspath,testImplementationDependenciesMetadata,testRuntimeClasspath
io.ktor:ktor-http-jvm:1.5.0=compileClasspath,runtimeClasspath,testCompileClasspath,testRuntimeClasspath
io.ktor:ktor-http:1.5.0=compileClasspath,runtimeClasspath,testCompileClasspath,testImplementationDependenciesMetadata,testRuntimeClasspath
io.ktor:ktor-io-jvm:1.5.0=compileClasspath,runtimeClasspath,testCompileClasspath,testRuntimeClasspath
io.ktor:ktor-io:1.5.0=compileClasspath,runtimeClasspath,testCompileClasspath,testImplementationDependenciesMetadata,testRuntimeClasspath
io.ktor:ktor-jackson-kotlinMultiplatform:1.5.0=implementationDependenciesMetadata,testImplementationDependenciesMetadata
io.ktor:ktor-jackson:1.5.0=compileClasspath,implementationDependenciesMetadata,runtimeClasspath,testCompileClasspath,testImplementationDependenciesMetadata,testRuntimeClasspath
io.ktor:ktor-locations-kotlinMultiplatform:1.5.0=implementationDependenciesMetadata,testImplementationDependenciesMetadata
io.ktor:ktor-locations:1.5.0=compileClasspath,implementationDependenciesMetadata,runtimeClasspath,testCompileClasspath,testImplementationDependenciesMetadata,testRuntimeClasspath
io.ktor:ktor-network-jvm:1.5.0=compileClasspath,runtimeClasspath,testCompileClasspath,testRuntimeClasspath
io.ktor:ktor-network-tls-certificates-kotlinMultiplatform:1.5.0=testCompileClasspath,testRuntimeClasspath
io.ktor:ktor-network-tls-certificates:1.5.0=testCompileClasspath,testRuntimeClasspath
io.ktor:ktor-network-tls-jvm:1.5.0=testCompileClasspath,testRuntimeClasspath
io.ktor:ktor-network-tls:1.5.0=testCompileClasspath,testRuntimeClasspath
io.ktor:ktor-network:1.5.0=compileClasspath,runtimeClasspath,testCompileClasspath,testRuntimeClasspath
io.ktor:ktor-server-core-kotlinMultiplatform:1.5.0=compileClasspath,implementationDependenciesMetadata,runtimeClasspath,testCompileClasspath,testImplementationDependenciesMetadata,testRuntimeClasspath
io.ktor:ktor-server-core:1.5.0=compileClasspath,implementationDependenciesMetadata,runtimeClasspath,testCompileClasspath,testImplementationDependenciesMetadata,testRuntimeClasspath
io.ktor:ktor-server-host-common-kotlinMultiplatform:1.5.0=compileClasspath,runtimeClasspath,testCompileClasspath,testRuntimeClasspath
io.ktor:ktor-server-host-common:1.5.0=compileClasspath,runtimeClasspath,testCompileClasspath,testRuntimeClasspath
io.ktor:ktor-server-jetty-kotlinMultiplatform:1.5.0=implementationDependenciesMetadata,testImplementationDependenciesMetadata
io.ktor:ktor-server-jetty:1.5.0=compileClasspath,implementationDependenciesMetadata,runtimeClasspath,testCompileClasspath,testImplementationDependenciesMetadata,testRuntimeClasspath
io.ktor:ktor-server-servlet-kotlinMultiplatform:1.5.0=compileClasspath,runtimeClasspath,testCompileClasspath,testRuntimeClasspath
io.ktor:ktor-server-servlet:1.5.0=compileClasspath,runtimeClasspath,testCompileClasspath,testRuntimeClasspath
io.ktor:ktor-server-test-host-kotlinMultiplatform:1.5.0=testCompileClasspath,testRuntimeClasspath
io.ktor:ktor-server-test-host:1.5.0=testCompileClasspath,testRuntimeClasspath
io.ktor:ktor-server-tests-kotlinMultiplatform:1.5.0=testImplementationDependenciesMetadata
io.ktor:ktor-server-tests:1.5.0=testCompileClasspath,testImplementationDependenciesMetadata,testRuntimeClasspath
io.ktor:ktor-utils-jvm:1.5.0=compileClasspath,runtimeClasspath,testCompileClasspath,testRuntimeClasspath
io.ktor:ktor-utils:1.5.0=compileClasspath,runtimeClasspath,testCompileClasspath,testImplementationDependenciesMetadata,testRuntimeClasspath
io.ktor:ktor-websockets-kotlinMultiplatform:1.5.0=implementationDependenciesMetadata,testCompileClasspath,testImplementationDependenciesMetadata,testRuntimeClasspath
io.ktor:ktor-websockets:1.5.0=compileClasspath,implementationDependenciesMetadata,runtimeClasspath,testCompileClasspath,testImplementationDependenciesMetadata,testRuntimeClasspath
io.lettuce:lettuce-core:5.3.6.RELEASE=compileClasspath,implementationDependenciesMetadata,runtimeClasspath,testCompileClasspath,testImplementationDependenciesMetadata,testRuntimeClasspath
io.mockk:mockk-agent-api:1.10.6=testCompileClasspath,testImplementationDependenciesMetadata,testRuntimeClasspath
io.mockk:mockk-agent-common:1.10.6=testCompileClasspath,testImplementationDependenciesMetadata,testRuntimeClasspath
io.mockk:mockk-agent-jvm:1.10.6=testCompileClasspath,testImplementationDependenciesMetadata,testRuntimeClasspath
io.mockk:mockk-common:1.10.6=testCompileClasspath,testImplementationDependenciesMetadata,testRuntimeClasspath
io.mockk:mockk-dsl-jvm:1.10.6=testCompileClasspath,testImplementationDependenciesMetadata,testRuntimeClasspath
io.mockk:mockk-dsl:1.10.6=testCompileClasspath,testImplementationDependenciesMetadata,testRuntimeClasspath
io.mockk:mockk:1.10.6=testCompileClasspath,testImplementationDependenciesMetadata,testRuntimeClasspath
io.netty:netty-buffer:4.1.56.Final=compileClasspath,implementationDependenciesMetadata,runtimeClasspath,testCompileClasspath,testImplementationDependenciesMetadata,testRuntimeClasspath
io.netty:netty-codec:4.1.56.Final=compileClasspath,implementationDependenciesMetadata,runtimeClasspath,testCompileClasspath,testImplementationDependenciesMetadata,testRuntimeClasspath
io.netty:netty-common:4.1.56.Final=compileClasspath,implementationDependenciesMetadata,runtimeClasspath,testCompileClasspath,testImplementationDependenciesMetadata,testRuntimeClasspath
io.netty:netty-handler:4.1.56.Final=compileClasspath,implementationDependenciesMetadata,runtimeClasspath,testCompileClasspath,testImplementationDependenciesMetadata,testRuntimeClasspath
io.netty:netty-resolver:4.1.56.Final=compileClasspath,implementationDependenciesMetadata,runtimeClasspath,testCompileClasspath,testImplementationDependenciesMetadata,testRuntimeClasspath
io.netty:netty-transport:4.1.56.Final=compileClasspath,implementationDependenciesMetadata,runtimeClasspath,testCompileClasspath,testImplementationDependenciesMetadata,testRuntimeClasspath
io.projectreactor:reactor-core:3.4.1=compileClasspath,implementationDependenciesMetadata,runtimeClasspath,testCompileClasspath,testImplementationDependenciesMetadata,testRuntimeClasspath
javax.servlet:javax.servlet-api:3.1.0=compileClasspath,runtimeClasspath,testCompileClasspath,testRuntimeClasspath
joda-time:joda-time:2.10.8=compileClasspath,implementationDependenciesMetadata,runtimeClasspath,testCompileClasspath,testImplementationDependenciesMetadata,testRuntimeClasspath
junit:junit:4.13.1=testCompileClasspath,testImplementationDependenciesMetadata,testRuntimeClasspath
net.bytebuddy:byte-buddy-agent:1.10.14=testCompileClasspath,testImplementationDependenciesMetadata,testRuntimeClasspath
net.bytebuddy:byte-buddy:1.10.14=testCompileClasspath,testImplementationDependenciesMetadata,testRuntimeClasspath
net.java.dev.jna:jna-platform:5.5.0=testRuntimeClasspath
net.java.dev.jna:jna:5.5.0=testRuntimeClasspath
net.minidev:accessors-smart:1.2=compileClasspath,implementationDependenciesMetadata,runtimeClasspath,testCompileClasspath,testImplementationDependenciesMetadata,testRuntimeClasspath
net.minidev:json-smart:2.3=compileClasspath,implementationDependenciesMetadata,runtimeClasspath,testCompileClasspath,testImplementationDependenciesMetadata,testRuntimeClasspath
net.pearx.kasechange:kasechange-jvm:1.3.0=compileClasspath,implementationDependenciesMetadata,runtimeClasspath,testCompileClasspath,testImplementationDependenciesMetadata,testRuntimeClasspath
net.pearx.kasechange:kasechange-metadata:1.3.0=implementationDependenciesMetadata,testImplementationDependenciesMetadata
org.amshove.kluent:kluent-common:1.61=testCompileClasspath,testImplementationDependenciesMetadata,testRuntimeClasspath
org.amshove.kluent:kluent:1.61=testCompileClasspath,testImplementationDependenciesMetadata,testRuntimeClasspath
org.apache.httpcomponents:httpasyncclient:4.1.2=compileClasspath,implementationDependenciesMetadata,runtimeClasspath,testCompileClasspath,testImplementationDependenciesMetadata,testRuntimeClasspath
org.apache.httpcomponents:httpclient:4.5.12=compileClasspath,implementationDependenciesMetadata,runtimeClasspath,testCompileClasspath,testImplementationDependenciesMetadata,testRuntimeClasspath
org.apache.httpcomponents:httpcore-nio:4.4.5=compileClasspath,implementationDependenciesMetadata,runtimeClasspath,testCompileClasspath,testImplementationDependenciesMetadata,testRuntimeClasspath
org.apache.httpcomponents:httpcore:4.4.13=compileClasspath,implementationDependenciesMetadata,runtimeClasspath,testCompileClasspath,testImplementationDependenciesMetadata,testRuntimeClasspath
org.apiguardian:apiguardian-api:1.1.0=testCompileClasspath,testImplementationDependenciesMetadata,testRuntimeClasspath
org.bouncycastle:bcprov-jdk15on:1.67=compileClasspath,implementationDependenciesMetadata,runtimeClasspath,testCompileClasspath,testImplementationDependenciesMetadata,testRuntimeClasspath
org.checkerframework:checker-qual:2.5.2=runtimeClasspath,testRuntimeClasspath
org.codehaus.mojo:animal-sniffer-annotations:1.17=runtimeClasspath,testRuntimeClasspath
org.ec4j.core:ec4j-core:0.2.2=ktlint
org.eclipse.jetty.http2:http2-client:9.4.31.v20200723=compileClasspath,runtimeClasspath,testCompileClasspath,testRuntimeClasspath
org.eclipse.jetty.http2:http2-common:9.4.31.v20200723=compileClasspath,runtimeClasspath,testCompileClasspath,testRuntimeClasspath
org.eclipse.jetty.http2:http2-hpack:9.4.31.v20200723=compileClasspath,runtimeClasspath,testCompileClasspath,testRuntimeClasspath
org.eclipse.jetty.http2:http2-http-client-transport:9.4.31.v20200723=testCompileClasspath,testRuntimeClasspath
org.eclipse.jetty.http2:http2-server:9.4.31.v20200723=compileClasspath,runtimeClasspath,testCompileClasspath,testRuntimeClasspath
org.eclipse.jetty:jetty-alpn-client:9.4.31.v20200723=compileClasspath,runtimeClasspath,testCompileClasspath,testRuntimeClasspath
org.eclipse.jetty:jetty-alpn-java-client:9.4.31.v20200723=compileClasspath,runtimeClasspath,testCompileClasspath,testRuntimeClasspath
org.eclipse.jetty:jetty-alpn-java-server:9.4.31.v20200723=compileClasspath,runtimeClasspath,testCompileClasspath,testRuntimeClasspath
org.eclipse.jetty:jetty-alpn-openjdk8-client:9.4.31.v20200723=compileClasspath,runtimeClasspath,testCompileClasspath,testRuntimeClasspath
org.eclipse.jetty:jetty-alpn-openjdk8-server:9.4.31.v20200723=compileClasspath,runtimeClasspath,testCompileClasspath,testRuntimeClasspath
org.eclipse.jetty:jetty-alpn-server:9.4.31.v20200723=compileClasspath,runtimeClasspath,testCompileClasspath,testRuntimeClasspath
org.eclipse.jetty:jetty-client:9.4.31.v20200723=testCompileClasspath,testRuntimeClasspath
org.eclipse.jetty:jetty-continuation:9.4.31.v20200723=compileClasspath,runtimeClasspath,testCompileClasspath,testRuntimeClasspath
org.eclipse.jetty:jetty-http:9.4.31.v20200723=compileClasspath,runtimeClasspath,testCompileClasspath,testRuntimeClasspath
org.eclipse.jetty:jetty-io:9.4.31.v20200723=compileClasspath,runtimeClasspath,testCompileClasspath,testRuntimeClasspath
org.eclipse.jetty:jetty-server:9.4.31.v20200723=compileClasspath,runtimeClasspath,testCompileClasspath,testRuntimeClasspath
org.eclipse.jetty:jetty-servlets:9.4.31.v20200723=compileClasspath,runtimeClasspath,testCompileClasspath,testRuntimeClasspath
org.eclipse.jetty:jetty-util:9.4.31.v20200723=compileClasspath,runtimeClasspath,testCompileClasspath,testRuntimeClasspath
org.elasticsearch.client:elasticsearch-rest-client:6.7.1=compileClasspath,implementationDependenciesMetadata,runtimeClasspath,testCompileClasspath,testImplementationDependenciesMetadata,testRuntimeClasspath
org.hamcrest:hamcrest-core:1.3=testCompileClasspath,testImplementationDependenciesMetadata,testRuntimeClasspath
org.jacoco:org.jacoco.agent:0.8.6=jacocoAgent,jacocoAnt
org.jacoco:org.jacoco.ant:0.8.6=jacocoAnt
org.jacoco:org.jacoco.core:0.8.6=jacocoAnt
org.jacoco:org.jacoco.report:0.8.6=jacocoAnt
org.jetbrains.intellij.deps:trove4j:1.0.20181211=detekt,kotlinCompilerClasspath,kotlinKlibCommonizerClasspath,ktlint
org.jetbrains.kotlin:kotlin-compiler-embeddable:1.4.10=ktlint
org.jetbrains.kotlin:kotlin-compiler-embeddable:1.4.21=detekt
org.jetbrains.kotlin:kotlin-compiler-embeddable:1.4.30=kotlinCompilerClasspath,kotlinKlibCommonizerClasspath
org.jetbrains.kotlin:kotlin-daemon-embeddable:1.4.10=ktlint
org.jetbrains.kotlin:kotlin-daemon-embeddable:1.4.21=detekt
org.jetbrains.kotlin:kotlin-daemon-embeddable:1.4.30=kotlinCompilerClasspath,kotlinKlibCommonizerClasspath
org.jetbrains.kotlin:kotlin-gradle-plugin-api:1.4.30=kotlinCompilerPluginClasspath
org.jetbrains.kotlin:kotlin-klib-commonizer-embeddable:1.4.30=kotlinKlibCommonizerClasspath
org.jetbrains.kotlin:kotlin-reflect:1.4.10=ktlint
org.jetbrains.kotlin:kotlin-reflect:1.4.21=compileClasspath,detekt,implementationDependenciesMetadata
org.jetbrains.kotlin:kotlin-reflect:1.4.30=kotlinCompilerClasspath,kotlinKlibCommonizerClasspath,testCompileClasspath,testImplementationDependenciesMetadata
org.jetbrains.kotlin:kotlin-reflect:1.4.31=runtimeClasspath,testRuntimeClasspath
org.jetbrains.kotlin:kotlin-script-runtime:1.4.10=ktlint
org.jetbrains.kotlin:kotlin-script-runtime:1.4.21=detekt
org.jetbrains.kotlin:kotlin-script-runtime:1.4.30=kotlinCompilerClasspath,kotlinCompilerPluginClasspath,kotlinKlibCommonizerClasspath
org.jetbrains.kotlin:kotlin-scripting-common:1.4.30=kotlinCompilerPluginClasspath
org.jetbrains.kotlin:kotlin-scripting-compiler-embeddable:1.4.30=kotlinCompilerPluginClasspath
org.jetbrains.kotlin:kotlin-scripting-compiler-impl-embeddable:1.4.30=kotlinCompilerPluginClasspath
org.jetbrains.kotlin:kotlin-scripting-jvm:1.4.30=kotlinCompilerPluginClasspath
org.jetbrains.kotlin:kotlin-serialization-unshaded:1.4.30=kotlinNativeCompilerPluginClasspath
org.jetbrains.kotlin:kotlin-serialization:1.4.30=kotlinCompilerPluginClasspath
org.jetbrains.kotlin:kotlin-stdlib-common:1.4.10=ktlint
org.jetbrains.kotlin:kotlin-stdlib-common:1.4.21=detekt
org.jetbrains.kotlin:kotlin-stdlib-common:1.4.30=compileClasspath,implementationDependenciesMetadata,kotlinCompilerClasspath,kotlinCompilerPluginClasspath,kotlinKlibCommonizerClasspath,testCompileClasspath,testImplementationDependenciesMetadata
org.jetbrains.kotlin:kotlin-stdlib-common:1.4.31=runtimeClasspath,testRuntimeClasspath
org.jetbrains.kotlin:kotlin-stdlib-jdk7:1.4.21=detekt
org.jetbrains.kotlin:kotlin-stdlib-jdk7:1.4.30=compileClasspath,implementationDependenciesMetadata,runtimeClasspath,testCompileClasspath,testImplementationDependenciesMetadata,testRuntimeClasspath
org.jetbrains.kotlin:kotlin-stdlib-jdk8:1.4.21=detekt
org.jetbrains.kotlin:kotlin-stdlib-jdk8:1.4.30=compileClasspath,implementationDependenciesMetadata,runtimeClasspath,testCompileClasspath,testImplementationDependenciesMetadata,testRuntimeClasspath
org.jetbrains.kotlin:kotlin-stdlib:1.4.10=ktlint
org.jetbrains.kotlin:kotlin-stdlib:1.4.21=detekt
org.jetbrains.kotlin:kotlin-stdlib:1.4.30=compileClasspath,implementationDependenciesMetadata,kotlinCompilerClasspath,kotlinCompilerPluginClasspath,kotlinKlibCommonizerClasspath,testCompileClasspath,testImplementationDependenciesMetadata
org.jetbrains.kotlin:kotlin-stdlib:1.4.31=runtimeClasspath,testRuntimeClasspath
org.jetbrains.kotlin:kotlin-test-annotations-common:1.4.20=testCompileClasspath,testRuntimeClasspath
org.jetbrains.kotlin:kotlin-test-common:1.4.20=testCompileClasspath,testRuntimeClasspath
org.jetbrains.kotlin:kotlin-test-junit:1.4.20=testCompileClasspath,testRuntimeClasspath
org.jetbrains.kotlin:kotlin-test:1.4.20=testCompileClasspath,testRuntimeClasspath
org.jetbrains.kotlinx:kotlinx-coroutines-core-jvm:1.4.2=implementationDependenciesMetadata,testImplementationDependenciesMetadata
org.jetbrains.kotlinx:kotlinx-coroutines-core-jvm:1.4.3=compileClasspath,runtimeClasspath,testCompileClasspath,testRuntimeClasspath
org.jetbrains.kotlinx:kotlinx-coroutines-core-metadata:1.4.2=implementationDependenciesMetadata,testImplementationDependenciesMetadata
org.jetbrains.kotlinx:kotlinx-coroutines-core:1.3.8=kotlinCompilerPluginClasspath
org.jetbrains.kotlinx:kotlinx-coroutines-core:1.4.3=compileClasspath,implementationDependenciesMetadata,runtimeClasspath,testCompileClasspath,testImplementationDependenciesMetadata,testRuntimeClasspath
org.jetbrains.kotlinx:kotlinx-coroutines-debug:1.4.3=testRuntimeClasspath
org.jetbrains.kotlinx:kotlinx-coroutines-jdk8:1.4.2=runtimeClasspath,testRuntimeClasspath
org.jetbrains.kotlinx:kotlinx-coroutines-jdk8:1.4.2-native-mt=compileClasspath,testCompileClasspath
org.jetbrains.kotlinx:kotlinx-coroutines-reactive:1.4.3=compileClasspath,implementationDependenciesMetadata,runtimeClasspath,testCompileClasspath,testImplementationDependenciesMetadata,testRuntimeClasspath
org.jetbrains.kotlinx:kotlinx-coroutines-reactor:1.4.3=compileClasspath,implementationDependenciesMetadata,runtimeClasspath,testCompileClasspath,testImplementationDependenciesMetadata,testRuntimeClasspath
org.jetbrains.kotlinx:kotlinx-coroutines-test:1.4.3=testCompileClasspath,testImplementationDependenciesMetadata,testRuntimeClasspath
org.jetbrains.kotlinx:kotlinx-html-jvm:0.7.2=detekt
org.jetbrains.kotlinx:kotlinx-serialization-core-jvm:1.0.1=compileClasspath,runtimeClasspath,testCompileClasspath,testRuntimeClasspath
org.jetbrains.kotlinx:kotlinx-serialization-core-metadata:1.0.1=implementationDependenciesMetadata,testImplementationDependenciesMetadata
org.jetbrains.kotlinx:kotlinx-serialization-core:1.0.1=compileClasspath,implementationDependenciesMetadata,runtimeClasspath,testCompileClasspath,testImplementationDependenciesMetadata,testRuntimeClasspath
org.jetbrains.kotlinx:kotlinx-serialization-json-jvm:1.0.1=compileClasspath,runtimeClasspath,testCompileClasspath,testRuntimeClasspath
org.jetbrains.kotlinx:kotlinx-serialization-json-metadata:1.0.1=implementationDependenciesMetadata,testImplementationDependenciesMetadata
org.jetbrains.kotlinx:kotlinx-serialization-json:1.0.1=compileClasspath,implementationDependenciesMetadata,runtimeClasspath,testCompileClasspath,testImplementationDependenciesMetadata,testRuntimeClasspath
org.jetbrains:annotations:13.0=compileClasspath,detekt,implementationDependenciesMetadata,kotlinCompilerClasspath,kotlinCompilerPluginClasspath,kotlinKlibCommonizerClasspath,ktlint,runtimeClasspath,testCompileClasspath,testImplementationDependenciesMetadata,testRuntimeClasspath
org.joda:joda-convert:1.8.1=compileClasspath,implementationDependenciesMetadata,runtimeClasspath,testCompileClasspath,testImplementationDependenciesMetadata,testRuntimeClasspath
org.junit.jupiter:junit-jupiter-api:5.7.0=testCompileClasspath,testImplementationDependenciesMetadata,testRuntimeClasspath
org.junit.jupiter:junit-jupiter-engine:5.7.0=testRuntimeClasspath
org.junit.jupiter:junit-jupiter-params:5.7.0=testCompileClasspath,testImplementationDependenciesMetadata,testRuntimeClasspath
org.junit.jupiter:junit-jupiter:5.7.0=testCompileClasspath,testImplementationDependenciesMetadata,testRuntimeClasspath
org.junit.platform:junit-platform-commons:1.7.0=testCompileClasspath,testImplementationDependenciesMetadata,testRuntimeClasspath
org.junit.platform:junit-platform-engine:1.7.0=testRuntimeClasspath
org.junit:junit-bom:5.7.0=testCompileClasspath,testImplementationDependenciesMetadata,testRuntimeClasspath
org.koin:koin-core-ext:2.0.1=compileClasspath,implementationDependenciesMetadata,runtimeClasspath,testCompileClasspath,testImplementationDependenciesMetadata,testRuntimeClasspath
org.koin:koin-core:2.0.1=compileClasspath,implementationDependenciesMetadata,runtimeClasspath,testCompileClasspath,testImplementationDependenciesMetadata,testRuntimeClasspath
org.koin:koin-ktor:2.0.1=compileClasspath,implementationDependenciesMetadata,runtimeClasspath,testCompileClasspath,testImplementationDependenciesMetadata,testRuntimeClasspath
org.koin:koin-test:2.0.1=testCompileClasspath,testImplementationDependenciesMetadata,testRuntimeClasspath
org.mockito:mockito-core:2.21.0=testCompileClasspath,testImplementationDependenciesMetadata
org.mockito:mockito-core:2.23.0=testRuntimeClasspath
org.mockito:mockito-inline:2.21.0=testCompileClasspath,testImplementationDependenciesMetadata,testRuntimeClasspath
org.objenesis:objenesis:3.1=testCompileClasspath,testImplementationDependenciesMetadata,testRuntimeClasspath
org.openapi4j:openapi-core:1.0.6=testCompileClasspath,testImplementationDependenciesMetadata,testRuntimeClasspath
org.openapi4j:openapi-operation-validator:1.0.6=testCompileClasspath,testImplementationDependenciesMetadata,testRuntimeClasspath
org.openapi4j:openapi-parser:1.0.6=testCompileClasspath,testImplementationDependenciesMetadata,testRuntimeClasspath
org.openapi4j:openapi-schema-validator:1.0.6=testCompileClasspath,testImplementationDependenciesMetadata,testRuntimeClasspath
org.opentest4j:opentest4j:1.2.0=testCompileClasspath,testImplementationDependenciesMetadata,testRuntimeClasspath
org.ow2.asm:asm-analysis:8.0.1=jacocoAnt
org.ow2.asm:asm-commons:8.0.1=jacocoAnt
org.ow2.asm:asm-tree:8.0.1=jacocoAnt
org.ow2.asm:asm:5.0.4=compileClasspath,implementationDependenciesMetadata,runtimeClasspath,testCompileClasspath,testImplementationDependenciesMetadata,testRuntimeClasspath
org.ow2.asm:asm:8.0.1=jacocoAnt
org.reactivestreams:reactive-streams:1.0.3=compileClasspath,implementationDependenciesMetadata,runtimeClasspath,testCompileClasspath,testImplementationDependenciesMetadata,testRuntimeClasspath
org.slf4j:slf4j-api:1.7.30=compileClasspath,implementationDependenciesMetadata,runtimeClasspath,testCompileClasspath,testImplementationDependenciesMetadata,testRuntimeClasspath
org.yaml:snakeyaml:1.27=runtimeClasspath,testCompileClasspath,testImplementationDependenciesMetadata,testRuntimeClasspath
org.yaml:snakeyaml:1.28=detekt
empty=annotationProcessor,apiDependenciesMetadata,compile,compileOnly,compileOnlyDependenciesMetadata,detektPlugins,kotlinScriptDef,kotlinScriptDefExtensions,ktlintReporter,ktlintRuleset,runtime,runtimeOnlyDependenciesMetadata,shadow,testAnnotationProcessor,testApiDependenciesMetadata,testCompile,testCompileOnly,testCompileOnlyDependenciesMetadata,testKotlinScriptDef,testKotlinScriptDefExtensions,testRuntime,testRuntimeOnlyDependenciesMetadata
