# This is a Gradle generated file for dependency locking.
# Manual edits can break the build and are not advised.
# This file is expected to be part of source control.
ch.qos.logback:logback-classic:1.3.0-alpha5=compileClasspath
ch.qos.logback:logback-core:1.3.0-alpha5=compileClasspath
com.auth0:java-jwt:3.15.0=compileClasspath
com.auth0:jwks-rsa:0.9.0=compileClasspath
com.avast.gradle:gradle-docker-compose-plugin:0.14.3=compileClasspath
com.fasterxml.jackson.core:jackson-annotations:2.12.3=compileClasspath
com.fasterxml.jackson.core:jackson-core:2.12.3=compileClasspath
com.fasterxml.jackson.core:jackson-databind:2.12.3=compileClasspath
com.fasterxml.jackson.datatype:jackson-datatype-joda:2.12.3=compileClasspath
com.fasterxml.jackson.module:jackson-module-kotlin:2.12.3=compileClasspath
com.fasterxml.jackson:jackson-bom:2.12.3=compileClasspath
com.github.flecomte:postgres-json:2.1.2=compileClasspath
com.github.jasync-sql:jasync-common:1.1.7=compileClasspath
com.github.jasync-sql:jasync-pool:1.1.7=compileClasspath
com.github.jasync-sql:jasync-postgresql:1.1.7=compileClasspath
com.googlecode.json-simple:json-simple:1.1.1=compileClasspath
com.jayway.jsonpath:json-path:2.5.0=compileClasspath
com.ongres.scram:client:2.1=compileClasspath
com.ongres.scram:common:2.1=compileClasspath
com.ongres.stringprep:saslprep:1.1=compileClasspath
com.ongres.stringprep:stringprep:1.1=compileClasspath
com.rabbitmq:amqp-client:5.12.0=compileClasspath
com.sendgrid:java-http-client:4.3.6=compileClasspath
com.sendgrid:sendgrid-java:4.7.1=compileClasspath
com.typesafe:config:1.3.1=compileClasspath
commons-codec:commons-codec:1.11=compileClasspath
commons-logging:commons-logging:1.2=compileClasspath
edu.washington.cs.types.checker:checker-framework:1.7.0=compileClasspath
io.github.microutils:kotlin-logging:1.7.6=compileClasspath
io.insert-koin:koin-core-ext:3.0.1=compileClasspath
io.insert-koin:koin-core-jvm:3.0.1=compileClasspath
io.insert-koin:koin-core:3.0.1=compileClasspath
io.insert-koin:koin-ktor:3.0.1=compileClasspath
io.konform:konform-jvm:0.3.0-RC1=compileClasspath
io.ktor:ktor-auth-jwt:1.5.3=compileClasspath
io.ktor:ktor-auth-kotlinMultiplatform:1.5.3=compileClasspath
io.ktor:ktor-auth:1.5.3=compileClasspath
io.ktor:ktor-client-core-jvm:1.5.3=compileClasspath
io.ktor:ktor-client-core:1.5.3=compileClasspath
io.ktor:ktor-client-jetty:1.5.3=compileClasspath
io.ktor:ktor-http-cio-jvm:1.5.3=compileClasspath
io.ktor:ktor-http-cio:1.5.3=compileClasspath
io.ktor:ktor-http-jvm:1.5.3=compileClasspath
io.ktor:ktor-http:1.5.3=compileClasspath
io.ktor:ktor-io-jvm:1.5.3=compileClasspath
io.ktor:ktor-io:1.5.3=compileClasspath
io.ktor:ktor-jackson:1.5.3=compileClasspath
io.ktor:ktor-locations:1.5.3=compileClasspath
io.ktor:ktor-network-jvm:1.5.3=compileClasspath
io.ktor:ktor-network:1.5.3=compileClasspath
io.ktor:ktor-server-core-kotlinMultiplatform:1.5.3=compileClasspath
io.ktor:ktor-server-core:1.5.3=compileClasspath
io.ktor:ktor-server-host-common-kotlinMultiplatform:1.5.3=compileClasspath
io.ktor:ktor-server-host-common:1.5.3=compileClasspath
io.ktor:ktor-server-jetty:1.5.3=compileClasspath
io.ktor:ktor-server-servlet-kotlinMultiplatform:1.5.3=compileClasspath
io.ktor:ktor-server-servlet:1.5.3=compileClasspath
io.ktor:ktor-utils-jvm:1.5.3=compileClasspath
io.ktor:ktor-utils:1.5.3=compileClasspath
io.ktor:ktor-websockets:1.5.3=compileClasspath
io.lettuce:lettuce-core:5.3.6.RELEASE=compileClasspath
io.netty:netty-buffer:4.1.56.Final=compileClasspath
io.netty:netty-codec:4.1.56.Final=compileClasspath
io.netty:netty-common:4.1.56.Final=compileClasspath
io.netty:netty-handler:4.1.56.Final=compileClasspath
io.netty:netty-resolver:4.1.56.Final=compileClasspath
io.netty:netty-transport:4.1.56.Final=compileClasspath
io.projectreactor:reactor-core:3.4.1=compileClasspath
javax.servlet:javax.servlet-api:3.1.0=compileClasspath
joda-time:joda-time:2.10.8=compileClasspath
net.minidev:accessors-smart:1.2=compileClasspath
net.minidev:json-smart:2.3=compileClasspath
net.pearx.kasechange:kasechange-jvm:1.3.0=compileClasspath
org.apache.httpcomponents:httpasyncclient:4.1.2=compileClasspath
org.apache.httpcomponents:httpclient:4.5.12=compileClasspath
org.apache.httpcomponents:httpcore-nio:4.4.5=compileClasspath
org.apache.httpcomponents:httpcore:4.4.13=compileClasspath
org.bouncycastle:bcprov-jdk15on:1.67=compileClasspath
org.eclipse.jetty.http2:http2-client:9.4.31.v20200723=compileClasspath
org.eclipse.jetty.http2:http2-common:9.4.31.v20200723=compileClasspath
org.eclipse.jetty.http2:http2-hpack:9.4.31.v20200723=compileClasspath
org.eclipse.jetty.http2:http2-server:9.4.31.v20200723=compileClasspath
org.eclipse.jetty:jetty-alpn-client:9.4.31.v20200723=compileClasspath
org.eclipse.jetty:jetty-alpn-java-client:9.4.31.v20200723=compileClasspath
org.eclipse.jetty:jetty-alpn-java-server:9.4.31.v20200723=compileClasspath
org.eclipse.jetty:jetty-alpn-openjdk8-client:9.4.31.v20200723=compileClasspath
org.eclipse.jetty:jetty-alpn-openjdk8-server:9.4.31.v20200723=compileClasspath
org.eclipse.jetty:jetty-alpn-server:9.4.31.v20200723=compileClasspath
org.eclipse.jetty:jetty-continuation:9.4.31.v20200723=compileClasspath
org.eclipse.jetty:jetty-http:9.4.31.v20200723=compileClasspath
org.eclipse.jetty:jetty-io:9.4.31.v20200723=compileClasspath
org.eclipse.jetty:jetty-server:9.4.31.v20200723=compileClasspath
org.eclipse.jetty:jetty-servlets:9.4.31.v20200723=compileClasspath
org.eclipse.jetty:jetty-util:9.4.31.v20200723=compileClasspath
org.elasticsearch.client:elasticsearch-rest-client:6.8.15=compileClasspath
org.jetbrains.intellij.deps:trove4j:1.0.20181211=kotlinCompilerClasspath
org.jetbrains.kotlin:kotlin-compiler-embeddable:1.4.32=kotlinCompilerClasspath
org.jetbrains.kotlin:kotlin-daemon-embeddable:1.4.32=kotlinCompilerClasspath
org.jetbrains.kotlin:kotlin-gradle-plugin-api:1.4.32=kotlinCompilerPluginClasspath
org.jetbrains.kotlin:kotlin-reflect:1.4.32=compileClasspath,kotlinCompilerClasspath
org.jetbrains.kotlin:kotlin-script-runtime:1.4.32=kotlinCompilerClasspath,kotlinCompilerPluginClasspath
org.jetbrains.kotlin:kotlin-scripting-common:1.4.32=kotlinCompilerPluginClasspath
org.jetbrains.kotlin:kotlin-scripting-compiler-embeddable:1.4.32=kotlinCompilerPluginClasspath
org.jetbrains.kotlin:kotlin-scripting-compiler-impl-embeddable:1.4.32=kotlinCompilerPluginClasspath
org.jetbrains.kotlin:kotlin-scripting-jvm:1.4.32=kotlinCompilerPluginClasspath
org.jetbrains.kotlin:kotlin-serialization:1.4.32=kotlinCompilerPluginClasspath
org.jetbrains.kotlin:kotlin-stdlib-common:1.4.32=kotlinCompilerClasspath,kotlinCompilerPluginClasspath
org.jetbrains.kotlin:kotlin-stdlib-common:1.5.0=compileClasspath
org.jetbrains.kotlin:kotlin-stdlib-jdk7:1.5.0=compileClasspath
org.jetbrains.kotlin:kotlin-stdlib-jdk8:1.5.0=compileClasspath
org.jetbrains.kotlin:kotlin-stdlib:1.4.32=kotlinCompilerClasspath,kotlinCompilerPluginClasspath
org.jetbrains.kotlin:kotlin-stdlib:1.5.0=compileClasspath
org.jetbrains.kotlinx:kotlinx-coroutines-core-jvm:1.5.0-RC=compileClasspath
org.jetbrains.kotlinx:kotlinx-coroutines-core:1.3.8=kotlinCompilerPluginClasspath
org.jetbrains.kotlinx:kotlinx-coroutines-core:1.5.0-RC=compileClasspath
org.jetbrains.kotlinx:kotlinx-coroutines-jdk8:1.4.3-native-mt=compileClasspath
org.jetbrains.kotlinx:kotlinx-coroutines-reactive:1.5.0-RC=compileClasspath
org.jetbrains.kotlinx:kotlinx-coroutines-reactor:1.5.0-RC=compileClasspath
org.jetbrains.kotlinx:kotlinx-serialization-core-jvm:1.2.0=compileClasspath
org.jetbrains.kotlinx:kotlinx-serialization-core:1.2.0=compileClasspath
org.jetbrains.kotlinx:kotlinx-serialization-json-jvm:1.2.0=compileClasspath
org.jetbrains.kotlinx:kotlinx-serialization-json:1.2.0=compileClasspath
org.jetbrains:annotations:13.0=compileClasspath,kotlinCompilerClasspath,kotlinCompilerPluginClasspath
org.joda:joda-convert:1.8.1=compileClasspath
org.ow2.asm:asm:5.0.4=compileClasspath
org.reactivestreams:reactive-streams:1.0.3=compileClasspath
org.slf4j:slf4j-api:2.0.0-alpha1=compileClasspath
empty=
